
Microsoft Visual Studio Solution File, Format Version 12.00
# Visual Studio Version 16
VisualStudioVersion = 16.0.29728.190
MinimumVisualStudioVersion = 10.0.40219.1
Project("{8BC9CEB8-8B4A-11D0-8D11-00A0C91BC942}") = "ChatServerDesignModle", "ChatServerDesignModle\ChatServerDesignModle.vcxproj", "{F747F0AD-9542-4981-8EA6-74EEF47A3C37}"
EndProject
Project("{8BC9CEB8-8B4A-11D0-8D11-00A0C91BC942}") = "ChatClientDesignModle", "ChatClientDesignModle\ChatClientDesignModle.vcxproj", "{98268AD3-8054-47C1-9FF5-22B3999E04E2}"
EndProject
Project("{8BC9CEB8-8B4A-11D0-8D11-00A0C91BC942}") = "TestModels", "TestModels\TestModels.vcxproj", "{C990963D-68BA-4F10-AD56-80138F91BA55}"
EndProject
Global
	GlobalSection(SolutionConfigurationPlatforms) = preSolution
		Debug|Win32 = Debug|Win32
		Debug|x64 = Debug|x64
		Debug|x86 = Debug|x86
		Release|Win32 = Release|Win32
		Release|x64 = Release|x64
		Release|x86 = Release|x86
	EndGlobalSection
	GlobalSection(ProjectConfigurationPlatforms) = postSolution
		{F747F0AD-9542-4981-8EA6-74EEF47A3C37}.Debug|Win32.ActiveCfg = Debug|Win32
		{F747F0AD-9542-4981-8EA6-74EEF47A3C37}.Debug|Win32.Build.0 = Debug|Win32
		{F747F0AD-9542-4981-8EA6-74EEF47A3C37}.Debug|x64.ActiveCfg = Debug|x64
		{F747F0AD-9542-4981-8EA6-74EEF47A3C37}.Debug|x64.Build.0 = Debug|x64
		{F747F0AD-9542-4981-8EA6-74EEF47A3C37}.Debug|x86.ActiveCfg = Debug|Win32
		{F747F0AD-9542-4981-8EA6-74EEF47A3C37}.Debug|x86.Build.0 = Debug|Win32
		{F747F0AD-9542-4981-8EA6-74EEF47A3C37}.Release|Win32.ActiveCfg = Release|Win32
		{F747F0AD-9542-4981-8EA6-74EEF47A3C37}.Release|Win32.Build.0 = Release|Win32
		{F747F0AD-9542-4981-8EA6-74EEF47A3C37}.Release|x64.ActiveCfg = Debug|x64
		{F747F0AD-9542-4981-8EA6-74EEF47A3C37}.Release|x64.Build.0 = Debug|x64
		{F747F0AD-9542-4981-8EA6-74EEF47A3C37}.Release|x86.ActiveCfg = Debug|Win32
		{F747F0AD-9542-4981-8EA6-74EEF47A3C37}.Release|x86.Build.0 = Debug|Win32
		{98268AD3-8054-47C1-9FF5-22B3999E04E2}.Debug|Win32.ActiveCfg = Debug|Win32
		{98268AD3-8054-47C1-9FF5-22B3999E04E2}.Debug|Win32.Build.0 = Debug|Win32
		{98268AD3-8054-47C1-9FF5-22B3999E04E2}.Debug|x64.ActiveCfg = Debug|Win32
		{98268AD3-8054-47C1-9FF5-22B3999E04E2}.Debug|x64.Build.0 = Debug|Win32
		{98268AD3-8054-47C1-9FF5-22B3999E04E2}.Debug|x86.ActiveCfg = Debug|Win32
		{98268AD3-8054-47C1-9FF5-22B3999E04E2}.Debug|x86.Build.0 = Debug|Win32
		{98268AD3-8054-47C1-9FF5-22B3999E04E2}.Release|Win32.ActiveCfg = Release|Win32
		{98268AD3-8054-47C1-9FF5-22B3999E04E2}.Release|Win32.Build.0 = Release|Win32
		{98268AD3-8054-47C1-9FF5-22B3999E04E2}.Release|x64.ActiveCfg = Release|Win32
		{98268AD3-8054-47C1-9FF5-22B3999E04E2}.Release|x86.ActiveCfg = Release|Win32
		{98268AD3-8054-47C1-9FF5-22B3999E04E2}.Release|x86.Build.0 = Release|Win32
		{C990963D-68BA-4F10-AD56-80138F91BA55}.Debug|Win32.ActiveCfg = Debug|Win32
		{C990963D-68BA-4F10-AD56-80138F91BA55}.Debug|Win32.Build.0 = Debug|Win32
		{C990963D-68BA-4F10-AD56-80138F91BA55}.Debug|x64.ActiveCfg = Debug|Win32
		{C990963D-68BA-4F10-AD56-80138F91BA55}.Debug|x86.ActiveCfg = Debug|Win32
		{C990963D-68BA-4F10-AD56-80138F91BA55}.Debug|x86.Build.0 = Debug|Win32
		{C990963D-68BA-4F10-AD56-80138F91BA55}.Release|Win32.ActiveCfg = Release|Win32
		{C990963D-68BA-4F10-AD56-80138F91BA55}.Release|Win32.Build.0 = Release|Win32
		{C990963D-68BA-4F10-AD56-80138F91BA55}.Release|x64.ActiveCfg = Release|Win32
		{C990963D-68BA-4F10-AD56-80138F91BA55}.Release|x86.ActiveCfg = Release|Win32
		{C990963D-68BA-4F10-AD56-80138F91BA55}.Release|x86.Build.0 = Release|Win32
	EndGlobalSection
	GlobalSection(SolutionProperties) = preSolution
		HideSolutionNode = FALSE
	EndGlobalSection
	GlobalSection(ExtensibilityGlobals) = postSolution
		Qt5Version = msvc2017
		SolutionGuid = {037252A9-750E-41C0-B00A-F11DBB18DBDD}
	EndGlobalSection
EndGlobal
