<?xml version="1.0" encoding="utf-8"?>
<Project ToolsVersion="4.0" xmlns="http://schemas.microsoft.com/developer/msbuild/2003">
  <ItemGroup>
    <Filter Include="Source Files">
      <UniqueIdentifier>{4FC737F1-C7A5-4376-A066-2A32D752A2FF}</UniqueIdentifier>
      <Extensions>cpp;c;cc;cxx;def;odl;idl;hpj;bat;asm;asmx</Extensions>
    </Filter>
    <Filter Include="Header Files">
      <UniqueIdentifier>{93995380-89BD-4b04-88EB-625FBE52EBFB}</UniqueIdentifier>
      <Extensions>h;hh;hpp;hxx;hm;inl;inc;xsd</Extensions>
    </Filter>
    <Filter Include="Resource Files">
      <UniqueIdentifier>{D9D6E242-F8AF-46E4-B9FD-80ECBC20BA3E}</UniqueIdentifier>
      <Extensions>qrc;*</Extensions>
      <ParseFiles>false</ParseFiles>
    </Filter>
    <Filter Include="Form Files">
      <UniqueIdentifier>{99349809-55BA-4b9d-BF79-8FDBB0286EB3}</UniqueIdentifier>
      <Extensions>ui</Extensions>
    </Filter>
    <Filter Include="Resource Files">
      <UniqueIdentifier>{D9D6E242-F8AF-46E4-B9FD-80ECBC20BA3E}</UniqueIdentifier>
      <Extensions>qrc;*</Extensions>
      <ParseFiles>false</ParseFiles>
    </Filter>
  </ItemGroup>
  <ItemGroup>
    <ClCompile Include="ChatServerDesignModle.cpp">
      <Filter>Source Files</Filter>
    </ClCompile>
    <ClCompile Include="Context.cpp">
      <Filter>Source Files</Filter>
    </ClCompile>
    <ClCompile Include="..\Models\BagProtocol.cpp">
      <Filter>Source Files</Filter>
    </ClCompile>
    <ClCompile Include="..\Models\BodyProtocol.cpp">
      <Filter>Source Files</Filter>
    </ClCompile>
    <ClCompile Include="..\Models\ClientInfo.cpp">
      <Filter>Source Files</Filter>
    </ClCompile>
    <ClCompile Include="..\Models\Clients.cpp">
      <Filter>Source Files</Filter>
    </ClCompile>
    <ClCompile Include="..\Models\CommandBody.cpp">
      <Filter>Source Files</Filter>
    </ClCompile>
    <ClCompile Include="..\Models\Message.cpp">
      <Filter>Source Files</Filter>
    </ClCompile>
    <ClCompile Include="..\Models\MessageCatch.cpp">
      <Filter>Source Files</Filter>
    </ClCompile>
    <ClCompile Include="..\Models\MessageFactory.cpp">
      <Filter>Source Files</Filter>
    </ClCompile>
    <ClCompile Include="..\Models\MessageHead.cpp">
      <Filter>Source Files</Filter>
    </ClCompile>
    <ClCompile Include="..\Models\MessageSendThread.cpp">
      <Filter>Source Files</Filter>
    </ClCompile>
    <ClCompile Include="..\Models\MyClient.cpp">
      <Filter>Source Files</Filter>
    </ClCompile>
    <ClCompile Include="..\Models\MyServer.cpp">
      <Filter>Source Files</Filter>
    </ClCompile>
    <ClCompile Include="..\Models\ServerInfo.cpp">
      <Filter>Source Files</Filter>
    </ClCompile>
    <ClCompile Include="..\Models\TextBody.cpp">
      <Filter>Source Files</Filter>
    </ClCompile>
    <ClCompile Include="..\Models\UserInfoProtocol.cpp">
      <Filter>Source Files</Filter>
    </ClCompile>
    <ClCompile Include="main.cpp">
      <Filter>Source Files</Filter>
    </ClCompile>
    <ClCompile Include="..\Models\Messages.cpp">
      <Filter>Source Files</Filter>
    </ClCompile>
  </ItemGroup>
  <ItemGroup>
    <QtMoc Include="ChatServerDesignModle.h">
      <Filter>Header Files</Filter>
    </QtMoc>
    <QtMoc Include="Context.h">
      <Filter>Header Files</Filter>
    </QtMoc>
    <QtMoc Include="..\Models\Message.h">
      <Filter>Header Files</Filter>
    </QtMoc>
    <QtMoc Include="..\Models\MessageCatch.h">
      <Filter>Header Files</Filter>
    </QtMoc>
    <QtMoc Include="..\Models\MessageSendThread.h">
      <Filter>Header Files</Filter>
    </QtMoc>
    <QtMoc Include="..\Models\MyClient.h">
      <Filter>Header Files</Filter>
    </QtMoc>
    <QtMoc Include="..\Models\MyServer.h">
      <Filter>Header Files</Filter>
    </QtMoc>
    <QtMoc Include="..\Models\Clients.h">
      <Filter>Header Files</Filter>
    </QtMoc>
    <QtMoc Include="..\Models\Messages.h">
      <Filter>Header Files</Filter>
    </QtMoc>
  </ItemGroup>
  <ItemGroup>
    <QtUic Include="ChatServerDesignModle.ui">
      <Filter>Form Files</Filter>
    </QtUic>
  </ItemGroup>
  <ItemGroup>
    <QtRcc Include="ChatServerDesignModle.qrc">
      <Filter>Resource Files</Filter>
    </QtRcc>
  </ItemGroup>
  <ItemGroup>
    <ResourceCompile Include="ChatServerDesignModle.rc" />
  </ItemGroup>
  <ItemGroup>
    <ClInclude Include="x64\Debug\uic\ui_ChatServerDesignModle.h">
      <Filter>Header Files</Filter>
    </ClInclude>
    <ClInclude Include="..\Models\BagProtocol.h">
      <Filter>Header Files</Filter>
    </ClInclude>
    <ClInclude Include="..\Models\BodyProtocol.h">
      <Filter>Header Files</Filter>
    </ClInclude>
    <ClInclude Include="..\Models\Bodys.h">
      <Filter>Header Files</Filter>
    </ClInclude>
    <ClInclude Include="..\Models\ClientInfo.h">
      <Filter>Header Files</Filter>
    </ClInclude>
    <ClInclude Include="..\Models\CommandBody.h">
      <Filter>Header Files</Filter>
    </ClInclude>
    <ClInclude Include="..\Models\MessageFactory.h">
      <Filter>Header Files</Filter>
    </ClInclude>
    <ClInclude Include="..\Models\MessageHead.h">
      <Filter>Header Files</Filter>
    </ClInclude>
    <ClInclude Include="..\Models\ServerInfo.h">
      <Filter>Header Files</Filter>
    </ClInclude>
    <ClInclude Include="..\Models\TextBody.h">
      <Filter>Header Files</Filter>
    </ClInclude>
    <ClInclude Include="..\Models\UserInfoProtocol.h">
      <Filter>Header Files</Filter>
    </ClInclude>
  </ItemGroup>
  <ItemGroup>
    <None Include="ClassDiagram.cd" />
    <None Include="ClassDiagram1.cd" />
  </ItemGroup>
</Project>